
Microsoft Visual Studio Solution File, Format Version 12.00
# Visual Studio Version 16
VisualStudioVersion = 16.0.809.6
MinimumVisualStudioVersion = 10.0.40219.1
Project("{FAE04EC0-301F-11D3-BF4B-00C04F79EFBC}") = "dnc100-mortgage-calculator", "dnc100-mortgage-calculator.csproj", "{F10E5611-C54F-49A0-AF9E-78F6EDA53E23}"
EndProject
Global
	GlobalSection(SolutionConfigurationPlatforms) = preSolution
		Debug|Any CPU = Debug|Any CPU
		Release|Any CPU = Release|Any CPU
	EndGlobalSection
	GlobalSection(ProjectConfigurationPlatforms) = postSolution
		{F10E5611-C54F-49A0-AF9E-78F6EDA53E23}.Debug|Any CPU.ActiveCfg = Debug|Any CPU
		{F10E5611-C54F-49A0-AF9E-78F6EDA53E23}.Debug|Any CPU.Build.0 = Debug|Any CPU
		{F10E5611-C54F-49A0-AF9E-78F6EDA53E23}.Release|Any CPU.ActiveCfg = Release|Any CPU
		{F10E5611-C54F-49A0-AF9E-78F6EDA53E23}.Release|Any CPU.Build.0 = Release|Any CPU
	EndGlobalSection
	GlobalSection(SolutionProperties) = preSolution
		HideSolutionNode = FALSE
	EndGlobalSection
	GlobalSection(ExtensibilityGlobals) = postSolution
		SolutionGuid = {8F56FF7E-8792-43B0-B49C-52B0AAFF2078}
	EndGlobalSection
EndGlobal
